lockfileVersion: '6.0'

settings:
  autoInstallPeers: true
  excludeLinksFromLockfile: false

dependencies:
  '@actions/github':
    specifier: ^6.0.0
    version: 6.0.0
  '@colors/colors':
    specifier: ^1.6.0
    version: 1.6.0
  '@octokit/rest':
    specifier: ^20.0.2
    version: 20.0.2

devDependencies:
  '@types/node':
    specifier: ^20.8.6
    version: 20.8.6
  prettier:
    specifier: ^3.0.3
    version: 3.0.3
  tsx:
    specifier: ^3.13.0
    version: 3.13.0
  typescript:
    specifier: ^5.2.2
    version: 5.2.2

packages:

  /@actions/github@6.0.0:
    resolution: {integrity: sha512-alScpSVnYmjNEXboZjarjukQEzgCRmjMv6Xj47fsdnqGS73bjJNDpiiXmp8jr0UZLdUB6d9jW63IcmddUP+l0g==}
    dependencies:
      '@actions/http-client': 2.2.0
      '@octokit/core': 5.0.1
      '@octokit/plugin-paginate-rest': 9.0.0(@octokit/core@5.0.1)
      '@octokit/plugin-rest-endpoint-methods': 10.0.1(@octokit/core@5.0.1)
    dev: false

  /@actions/http-client@2.2.0:
    resolution: {integrity: sha512-q+epW0trjVUUHboliPb4UF9g2msf+w61b32tAkFEwL/IwP0DQWgbCMM0Hbe3e3WXSKz5VcUXbzJQgy8Hkra/Lg==}
    dependencies:
      tunnel: 0.0.6
      undici: 5.26.3
    dev: false

  /@colors/colors@1.6.0:
    resolution: {integrity: sha512-Ir+AOibqzrIsL6ajt3Rz3LskB7OiMVHqltZmspbW/TJuTVuyOMirVqAkjfY6JISiLHgyNqicAC8AyHHGzNd/dA==}
    engines: {node: '>=0.1.90'}
    dev: false

  /@esbuild/android-arm64@0.18.20:
    resolution: {integrity: sha512-Nz4rJcchGDtENV0eMKUNa6L12zz2zBDXuhj/Vjh18zGqB44Bi7MBMSXjgunJgjRhCmKOjnPuZp4Mb6OKqtMHLQ==}
    engines: {node: '>=12'}
    cpu: [arm64]
    os: [android]
    requiresBuild: true
    dev: true
    optional: true

  /@esbuild/android-arm@0.18.20:
    resolution: {integrity: sha512-fyi7TDI/ijKKNZTUJAQqiG5T7YjJXgnzkURqmGj13C6dCqckZBLdl4h7bkhHt/t0WP+zO9/zwroDvANaOqO5Sw==}
    engines: {node: '>=12'}
    cpu: [arm]
    os: [android]
    requiresBuild: true
    dev: true
    optional: true

  /@esbuild/android-x64@0.18.20:
    resolution: {integrity: sha512-8GDdlePJA8D6zlZYJV/jnrRAi6rOiNaCC/JclcXpB+KIuvfBN4owLtgzY2bsxnx666XjJx2kDPUmnTtR8qKQUg==}
    engines: {node: '>=12'}
    cpu: [x64]
    os: [android]
    requiresBuild: true
    dev: true
    optional: true

  /@esbuild/darwin-arm64@0.18.20:
    resolution: {integrity: sha512-bxRHW5kHU38zS2lPTPOyuyTm+S+eobPUnTNkdJEfAddYgEcll4xkT8DB9d2008DtTbl7uJag2HuE5NZAZgnNEA==}
    engines: {node: '>=12'}
    cpu: [arm64]
    os: [darwin]
    requiresBuild: true
    dev: true
    optional: true

  /@esbuild/darwin-x64@0.18.20:
    resolution: {integrity: sha512-pc5gxlMDxzm513qPGbCbDukOdsGtKhfxD1zJKXjCCcU7ju50O7MeAZ8c4krSJcOIJGFR+qx21yMMVYwiQvyTyQ==}
    engines: {node: '>=12'}
    cpu: [x64]
    os: [darwin]
    requiresBuild: true
    dev: true
    optional: true

  /@esbuild/freebsd-arm64@0.18.20:
    resolution: {integrity: sha512-yqDQHy4QHevpMAaxhhIwYPMv1NECwOvIpGCZkECn8w2WFHXjEwrBn3CeNIYsibZ/iZEUemj++M26W3cNR5h+Tw==}
    engines: {node: '>=12'}
    cpu: [arm64]
    os: [freebsd]
    requiresBuild: true
    dev: true
    optional: true

  /@esbuild/freebsd-x64@0.18.20:
    resolution: {integrity: sha512-tgWRPPuQsd3RmBZwarGVHZQvtzfEBOreNuxEMKFcd5DaDn2PbBxfwLcj4+aenoh7ctXcbXmOQIn8HI6mCSw5MQ==}
    engines: {node: '>=12'}
    cpu: [x64]
    os: [freebsd]
    requiresBuild: true
    dev: true
    optional: true

  /@esbuild/linux-arm64@0.18.20:
    resolution: {integrity: sha512-2YbscF+UL7SQAVIpnWvYwM+3LskyDmPhe31pE7/aoTMFKKzIc9lLbyGUpmmb8a8AixOL61sQ/mFh3jEjHYFvdA==}
    engines: {node: '>=12'}
    cpu: [arm64]
    os: [linux]
    requiresBuild: true
    dev: true
    optional: true

  /@esbuild/linux-arm@0.18.20:
    resolution: {integrity: sha512-/5bHkMWnq1EgKr1V+Ybz3s1hWXok7mDFUMQ4cG10AfW3wL02PSZi5kFpYKrptDsgb2WAJIvRcDm+qIvXf/apvg==}
    engines: {node: '>=12'}
    cpu: [arm]
    os: [linux]
    requiresBuild: true
    dev: true
    optional: true

  /@esbuild/linux-ia32@0.18.20:
    resolution: {integrity: sha512-P4etWwq6IsReT0E1KHU40bOnzMHoH73aXp96Fs8TIT6z9Hu8G6+0SHSw9i2isWrD2nbx2qo5yUqACgdfVGx7TA==}
    engines: {node: '>=12'}
    cpu: [ia32]
    os: [linux]
    requiresBuild: true
    dev: true
    optional: true

  /@esbuild/linux-loong64@0.18.20:
    resolution: {integrity: sha512-nXW8nqBTrOpDLPgPY9uV+/1DjxoQ7DoB2N8eocyq8I9XuqJ7BiAMDMf9n1xZM9TgW0J8zrquIb/A7s3BJv7rjg==}
    engines: {node: '>=12'}
    cpu: [loong64]
    os: [linux]
    requiresBuild: true
    dev: true
    optional: true

  /@esbuild/linux-mips64el@0.18.20:
    resolution: {integrity: sha512-d5NeaXZcHp8PzYy5VnXV3VSd2D328Zb+9dEq5HE6bw6+N86JVPExrA6O68OPwobntbNJ0pzCpUFZTo3w0GyetQ==}
    engines: {node: '>=12'}
    cpu: [mips64el]
    os: [linux]
    requiresBuild: true
    dev: true
    optional: true

  /@esbuild/linux-ppc64@0.18.20:
    resolution: {integrity: sha512-WHPyeScRNcmANnLQkq6AfyXRFr5D6N2sKgkFo2FqguP44Nw2eyDlbTdZwd9GYk98DZG9QItIiTlFLHJHjxP3FA==}
    engines: {node: '>=12'}
    cpu: [ppc64]
    os: [linux]
    requiresBuild: true
    dev: true
    optional: true

  /@esbuild/linux-riscv64@0.18.20:
    resolution: {integrity: sha512-WSxo6h5ecI5XH34KC7w5veNnKkju3zBRLEQNY7mv5mtBmrP/MjNBCAlsM2u5hDBlS3NGcTQpoBvRzqBcRtpq1A==}
    engines: {node: '>=12'}
    cpu: [riscv64]
    os: [linux]
    requiresBuild: true
    dev: true
    optional: true

  /@esbuild/linux-s390x@0.18.20:
    resolution: {integrity: sha512-+8231GMs3mAEth6Ja1iK0a1sQ3ohfcpzpRLH8uuc5/KVDFneH6jtAJLFGafpzpMRO6DzJ6AvXKze9LfFMrIHVQ==}
    engines: {node: '>=12'}
    cpu: [s390x]
    os: [linux]
    requiresBuild: true
    dev: true
    optional: true

  /@esbuild/linux-x64@0.18.20:
    resolution: {integrity: sha512-UYqiqemphJcNsFEskc73jQ7B9jgwjWrSayxawS6UVFZGWrAAtkzjxSqnoclCXxWtfwLdzU+vTpcNYhpn43uP1w==}
    engines: {node: '>=12'}
    cpu: [x64]
    os: [linux]
    requiresBuild: true
    dev: true
    optional: true

  /@esbuild/netbsd-x64@0.18.20:
    resolution: {integrity: sha512-iO1c++VP6xUBUmltHZoMtCUdPlnPGdBom6IrO4gyKPFFVBKioIImVooR5I83nTew5UOYrk3gIJhbZh8X44y06A==}
    engines: {node: '>=12'}
    cpu: [x64]
    os: [netbsd]
    requiresBuild: true
    dev: true
    optional: true

  /@esbuild/openbsd-x64@0.18.20:
    resolution: {integrity: sha512-e5e4YSsuQfX4cxcygw/UCPIEP6wbIL+se3sxPdCiMbFLBWu0eiZOJ7WoD+ptCLrmjZBK1Wk7I6D/I3NglUGOxg==}
    engines: {node: '>=12'}
    cpu: [x64]
    os: [openbsd]
    requiresBuild: true
    dev: true
    optional: true

  /@esbuild/sunos-x64@0.18.20:
    resolution: {integrity: sha512-kDbFRFp0YpTQVVrqUd5FTYmWo45zGaXe0X8E1G/LKFC0v8x0vWrhOWSLITcCn63lmZIxfOMXtCfti/RxN/0wnQ==}
    engines: {node: '>=12'}
    cpu: [x64]
    os: [sunos]
    requiresBuild: true
    dev: true
    optional: true

  /@esbuild/win32-arm64@0.18.20:
    resolution: {integrity: sha512-ddYFR6ItYgoaq4v4JmQQaAI5s7npztfV4Ag6NrhiaW0RrnOXqBkgwZLofVTlq1daVTQNhtI5oieTvkRPfZrePg==}
    engines: {node: '>=12'}
    cpu: [arm64]
    os: [win32]
    requiresBuild: true
    dev: true
    optional: true

  /@esbuild/win32-ia32@0.18.20:
    resolution: {integrity: sha512-Wv7QBi3ID/rROT08SABTS7eV4hX26sVduqDOTe1MvGMjNd3EjOz4b7zeexIR62GTIEKrfJXKL9LFxTYgkyeu7g==}
    engines: {node: '>=12'}
    cpu: [ia32]
    os: [win32]
    requiresBuild: true
    dev: true
    optional: true

  /@esbuild/win32-x64@0.18.20:
    resolution: {integrity: sha512-kTdfRcSiDfQca/y9QIkng02avJ+NCaQvrMejlsB3RRv5sE9rRoeBPISaZpKxHELzRxZyLvNts1P27W3wV+8geQ==}
    engines: {node: '>=12'}
    cpu: [x64]
    os: [win32]
    requiresBuild: true
    dev: true
    optional: true

  /@fastify/busboy@2.0.0:
    resolution: {integrity: sha512-JUFJad5lv7jxj926GPgymrWQxxjPYuJNiNjNMzqT+HiuP6Vl3dk5xzG+8sTX96np0ZAluvaMzPsjhHZ5rNuNQQ==}
    engines: {node: '>=14'}
    dev: false

  /@octokit/auth-token@4.0.0:
    resolution: {integrity: sha512-tY/msAuJo6ARbK6SPIxZrPBms3xPbfwBrulZe0Wtr/DIY9lje2HeV1uoebShn6mx7SjCHif6EjMvoREj+gZ+SA==}
    engines: {node: '>= 18'}
    dev: false

  /@octokit/core@5.0.1:
    resolution: {integrity: sha512-lyeeeZyESFo+ffI801SaBKmCfsvarO+dgV8/0gD8u1d87clbEdWsP5yC+dSj3zLhb2eIf5SJrn6vDz9AheETHw==}
    engines: {node: '>= 18'}
    dependencies:
      '@octokit/auth-token': 4.0.0
      '@octokit/graphql': 7.0.2
      '@octokit/request': 8.1.4
      '@octokit/request-error': 5.0.1
      '@octokit/types': 12.0.0
      before-after-hook: 2.2.3
      universal-user-agent: 6.0.0
    dev: false

  /@octokit/endpoint@9.0.1:
    resolution: {integrity: sha512-hRlOKAovtINHQPYHZlfyFwaM8OyetxeoC81lAkBy34uLb8exrZB50SQdeW3EROqiY9G9yxQTpp5OHTV54QD+vA==}
    engines: {node: '>= 18'}
    dependencies:
      '@octokit/types': 12.0.0
      is-plain-object: 5.0.0
      universal-user-agent: 6.0.0
    dev: false

  /@octokit/graphql@7.0.2:
    resolution: {integrity: sha512-OJ2iGMtj5Tg3s6RaXH22cJcxXRi7Y3EBqbHTBRq+PQAqfaS8f/236fUrWhfSn8P4jovyzqucxme7/vWSSZBX2Q==}
    engines: {node: '>= 18'}
    dependencies:
      '@octokit/request': 8.1.4
      '@octokit/types': 12.0.0
      universal-user-agent: 6.0.0
    dev: false

  /@octokit/openapi-types@19.0.0:
    resolution: {integrity: sha512-PclQ6JGMTE9iUStpzMkwLCISFn/wDeRjkZFIKALpvJQNBGwDoYYi2fFvuHwssoQ1rXI5mfh6jgTgWuddeUzfWw==}
    dev: false

  /@octokit/plugin-paginate-rest@9.0.0(@octokit/core@5.0.1):
    resolution: {integrity: sha512-oIJzCpttmBTlEhBmRvb+b9rlnGpmFgDtZ0bB6nq39qIod6A5DP+7RkVLMOixIgRCYSHDTeayWqmiJ2SZ6xgfdw==}
    engines: {node: '>= 18'}
    peerDependencies:
      '@octokit/core': '>=5'
    dependencies:
      '@octokit/core': 5.0.1
      '@octokit/types': 12.0.0
    dev: false

  /@octokit/plugin-request-log@4.0.0(@octokit/core@5.0.1):
    resolution: {integrity: sha512-2uJI1COtYCq8Z4yNSnM231TgH50bRkheQ9+aH8TnZanB6QilOnx8RMD2qsnamSOXtDj0ilxvevf5fGsBhBBzKA==}
    engines: {node: '>= 18'}
    peerDependencies:
      '@octokit/core': '>=5'
    dependencies:
      '@octokit/core': 5.0.1
    dev: false

  /@octokit/plugin-rest-endpoint-methods@10.0.1(@octokit/core@5.0.1):
    resolution: {integrity: sha512-fgS6HPkPvJiz8CCliewLyym9qAx0RZ/LKh3sATaPfM41y/O2wQ4Z9MrdYeGPVh04wYmHFmWiGlKPC7jWVtZXQA==}
    engines: {node: '>= 18'}
    peerDependencies:
      '@octokit/core': '>=5'
    dependencies:
      '@octokit/core': 5.0.1
      '@octokit/types': 12.0.0
    dev: false

  /@octokit/request-error@5.0.1:
    resolution: {integrity: sha512-X7pnyTMV7MgtGmiXBwmO6M5kIPrntOXdyKZLigNfQWSEQzVxR4a4vo49vJjTWX70mPndj8KhfT4Dx+2Ng3vnBQ==}
    engines: {node: '>= 18'}
    dependencies:
      '@octokit/types': 12.0.0
      deprecation: 2.3.1
      once: 1.4.0
    dev: false

  /@octokit/request@8.1.4:
    resolution: {integrity: sha512-M0aaFfpGPEKrg7XoA/gwgRvc9MSXHRO2Ioki1qrPDbl1e9YhjIwVoHE7HIKmv/m3idzldj//xBujcFNqGX6ENA==}
    engines: {node: '>= 18'}
    dependencies:
      '@octokit/endpoint': 9.0.1
      '@octokit/request-error': 5.0.1
      '@octokit/types': 12.0.0
      is-plain-object: 5.0.0
      universal-user-agent: 6.0.0
    dev: false

  /@octokit/rest@20.0.2:
    resolution: {integrity: sha512-Ux8NDgEraQ/DMAU1PlAohyfBBXDwhnX2j33Z1nJNziqAfHi70PuxkFYIcIt8aIAxtRE7KVuKp8lSR8pA0J5iOQ==}
    engines: {node: '>= 18'}
    dependencies:
      '@octokit/core': 5.0.1
      '@octokit/plugin-paginate-rest': 9.0.0(@octokit/core@5.0.1)
      '@octokit/plugin-request-log': 4.0.0(@octokit/core@5.0.1)
      '@octokit/plugin-rest-endpoint-methods': 10.0.1(@octokit/core@5.0.1)
    dev: false

  /@octokit/types@12.0.0:
    resolution: {integrity: sha512-EzD434aHTFifGudYAygnFlS1Tl6KhbTynEWELQXIbTY8Msvb5nEqTZIm7sbPEt4mQYLZwu3zPKVdeIrw0g7ovg==}
    dependencies:
      '@octokit/openapi-types': 19.0.0
    dev: false

  /@types/node@20.8.6:
    resolution: {integrity: sha512-eWO4K2Ji70QzKUqRy6oyJWUeB7+g2cRagT3T/nxYibYcT4y2BDL8lqolRXjTHmkZCdJfIPaY73KbJAZmcryxTQ==}
    dependencies:
      undici-types: 5.25.3
    dev: true

  /before-after-hook@2.2.3:
    resolution: {integrity: sha512-NzUnlZexiaH/46WDhANlyR2bXRopNg4F/zuSA3OpZnllCUgRaOF2znDioDWrmbNVsuZk6l9pMquQB38cfBZwkQ==}
    dev: false

  /buffer-from@1.1.2:
    resolution: {integrity: sha512-E+XQCRwSbaaiChtv6k6Dwgc+bx+Bs6vuKJHHl5kox/BaKbhiXzqQOwK4cO22yElGp2OCmjwVhT3HmxgyPGnJfQ==}
    dev: true

  /deprecation@2.3.1:
    resolution: {integrity: sha512-xmHIy4F3scKVwMsQ4WnVaS8bHOx0DmVwRywosKhaILI0ywMDWPtBSku2HNxRvF7jtwDRsoEwYQSfbxj8b7RlJQ==}
    dev: false

  /esbuild@0.18.20:
    resolution: {integrity: sha512-ceqxoedUrcayh7Y7ZX6NdbbDzGROiyVBgC4PriJThBKSVPWnnFHZAkfI1lJT8QFkOwH4qOS2SJkS4wvpGl8BpA==}
    engines: {node: '>=12'}
    hasBin: true
    requiresBuild: true
    optionalDependencies:
      '@esbuild/android-arm': 0.18.20
      '@esbuild/android-arm64': 0.18.20
      '@esbuild/android-x64': 0.18.20
      '@esbuild/darwin-arm64': 0.18.20
      '@esbuild/darwin-x64': 0.18.20
      '@esbuild/freebsd-arm64': 0.18.20
      '@esbuild/freebsd-x64': 0.18.20
      '@esbuild/linux-arm': 0.18.20
      '@esbuild/linux-arm64': 0.18.20
      '@esbuild/linux-ia32': 0.18.20
      '@esbuild/linux-loong64': 0.18.20
      '@esbuild/linux-mips64el': 0.18.20
      '@esbuild/linux-ppc64': 0.18.20
      '@esbuild/linux-riscv64': 0.18.20
      '@esbuild/linux-s390x': 0.18.20
      '@esbuild/linux-x64': 0.18.20
      '@esbuild/netbsd-x64': 0.18.20
      '@esbuild/openbsd-x64': 0.18.20
      '@esbuild/sunos-x64': 0.18.20
      '@esbuild/win32-arm64': 0.18.20
      '@esbuild/win32-ia32': 0.18.20
      '@esbuild/win32-x64': 0.18.20
    dev: true

  /fsevents@2.3.3:
    resolution: {integrity: sha512-5xoDfX+fL7faATnagmWPpbFtwh/R77WmMMqqHGS65C3vvB0YHrgF+B1YmZ3441tMj5n63k0212XNoJwzlhffQw==}
    engines: {node: ^8.16.0 || ^10.6.0 || >=11.0.0}
    os: [darwin]
    requiresBuild: true
    dev: true
    optional: true

  /get-tsconfig@4.7.2:
    resolution: {integrity: sha512-wuMsz4leaj5hbGgg4IvDU0bqJagpftG5l5cXIAvo8uZrqn0NJqwtfupTN00VnkQJPcIRrxYrm1Ue24btpCha2A==}
    dependencies:
      resolve-pkg-maps: 1.0.0
    dev: true

  /is-plain-object@5.0.0:
    resolution: {integrity: sha512-VRSzKkbMm5jMDoKLbltAkFQ5Qr7VDiTFGXxYFXXowVj387GeGNOCsOH6Msy00SGZ3Fp84b1Naa1psqgcCIEP5Q==}
    engines: {node: '>=0.10.0'}
    dev: false

  /once@1.4.0:
    resolution: {integrity: sha512-lNaJgI+2Q5URQBkccEKHTQOPaXdUxnZZElQTZY0MFUAuaEqe1E+Nyvgdz/aIyNi6Z9MzO5dv1H8n58/GELp3+w==}
    dependencies:
      wrappy: 1.0.2
    dev: false

  /prettier@3.0.3:
    resolution: {integrity: sha512-L/4pUDMxcNa8R/EthV08Zt42WBO4h1rarVtK0K+QJG0X187OLo7l699jWw0GKuwzkPQ//jMFA/8Xm6Fh3J/DAg==}
    engines: {node: '>=14'}
    hasBin: true
    dev: true

  /resolve-pkg-maps@1.0.0:
    resolution: {integrity: sha512-seS2Tj26TBVOC2NIc2rOe2y2ZO7efxITtLZcGSOnHHNOQ7CkiUBfw0Iw2ck6xkIhPwLhKNLS8BO+hEpngQlqzw==}
    dev: true

  /source-map-support@0.5.21:
    resolution: {integrity: sha512-uBHU3L3czsIyYXKX88fdrGovxdSCoTGDRZ6SYXtSRxLZUzHg5P/66Ht6uoUlHu9EZod+inXhKo3qQgwXUT/y1w==}
    dependencies:
      buffer-from: 1.1.2
      source-map: 0.6.1
    dev: true

  /source-map@0.6.1:
    resolution: {integrity: sha512-UjgapumWlbMhkBgzT7Ykc5YXUT46F0iKu8SGXq0bcwP5dz/h0Plj6enJqjz1Zbq2l5WaqYnrVbwWOWMyF3F47g==}
    engines: {node: '>=0.10.0'}
    dev: true

  /tsx@3.13.0:
    resolution: {integrity: sha512-rjmRpTu3as/5fjNq/kOkOtihgLxuIz6pbKdj9xwP4J5jOLkBxw/rjN5ANw+KyrrOXV5uB7HC8+SrrSJxT65y+A==}
    hasBin: true
    dependencies:
      esbuild: 0.18.20
      get-tsconfig: 4.7.2
      source-map-support: 0.5.21
    optionalDependencies:
      fsevents: 2.3.3
    dev: true

  /tunnel@0.0.6:
    resolution: {integrity: sha512-1h/Lnq9yajKY2PEbBadPXj3VxsDDu844OnaAo52UVmIzIvwwtBPIuNvkjuzBlTWpfJyUbG3ez0KSBibQkj4ojg==}
    engines: {node: '>=0.6.11 <=0.7.0 || >=0.7.3'}
    dev: false

  /typescript@5.2.2:
    resolution: {integrity: sha512-mI4WrpHsbCIcwT9cF4FZvr80QUeKvsUsUvKDoR+X/7XHQH98xYD8YHZg7ANtz2GtZt/CBq2QJ0thkGJMHfqc1w==}
    engines: {node: '>=14.17'}
    hasBin: true
    dev: true

  /undici-types@5.25.3:
    resolution: {integrity: sha512-Ga1jfYwRn7+cP9v8auvEXN1rX3sWqlayd4HP7OKk4mZWylEmu3KzXDUGrQUN6Ol7qo1gPvB2e5gX6udnyEPgdA==}
    dev: true

  /undici@5.26.3:
    resolution: {integrity: sha512-H7n2zmKEWgOllKkIUkLvFmsJQj062lSm3uA4EYApG8gLuiOM0/go9bIoC3HVaSnfg4xunowDE2i9p8drkXuvDw==}
    engines: {node: '>=14.0'}
    dependencies:
      '@fastify/busboy': 2.0.0
    dev: false

  /universal-user-agent@6.0.0:
    resolution: {integrity: sha512-isyNax3wXoKaulPDZWHQqbmIx1k2tb9fb3GGDBRxCscfYV2Ch7WxPArBsFEG8s/safwXTT7H4QGhaIkTp9447w==}
    dev: false

  /wrappy@1.0.2:
    resolution: {integrity: sha512-l4Sp/DRseor9wL6EvV2+TuQn63dMkPjZ/sp9XkghTEbV9KlPS1xUsZ3u7/IQO4wxtcFB4bgpQPRcR3QCvezPcQ==}
    dev: false
